
Microsoft Visual Studio Solution File, Format Version 12.00
# Visual Studio Version 17
VisualStudioVersion = 17.12.35323.107
MinimumVisualStudioVersion = 10.0.40219.1
Project("{FAE04EC0-301F-11D3-BF4B-00C04F79EFBC}") = "DynamoDbBlazor", "DynamoDbBlazor.csproj", "{75A413C3-39A3-4304-B375-1C670A8A9B17}"
EndProject
Global
	GlobalSection(SolutionConfigurationPlatforms) = preSolution
		Debug|Any CPU = Debug|Any CPU
		Release|Any CPU = Release|Any CPU
	EndGlobalSection
	GlobalSection(ProjectConfigurationPlatforms) = postSolution
		{75A413C3-39A3-4304-B375-1C670A8A9B17}.Debug|Any CPU.ActiveCfg = Debug|Any CPU
		{75A413C3-39A3-4304-B375-1C670A8A9B17}.Debug|Any CPU.Build.0 = Debug|Any CPU
		{75A413C3-39A3-4304-B375-1C670A8A9B17}.Release|Any CPU.ActiveCfg = Release|Any CPU
		{75A413C3-39A3-4304-B375-1C670A8A9B17}.Release|Any CPU.Build.0 = Release|Any CPU
	EndGlobalSection
	GlobalSection(SolutionProperties) = preSolution
		HideSolutionNode = FALSE
	EndGlobalSection
	GlobalSection(ExtensibilityGlobals) = postSolution
		SolutionGuid = {75E03CFA-5C6F-48CD-BA5C-DC4F2A950AAE}
	EndGlobalSection
EndGlobal
